
Microsoft Visual Studio Solution File, Format Version 12.00
# Visual Studio Version 16
VisualStudioVersion = 16.0.31702.278
MinimumVisualStudioVersion = 10.0.40219.1
Project("{FAE04EC0-301F-11D3-BF4B-00C04F79EFBC}") = "AmharicEnglishTransliteration", "AmharicEnglishTransliteration\AmharicEnglishTransliteration.csproj", "{61DD32A8-E6EB-45DC-85AA-6321E3A95446}"
EndProject
Project("{FAE04EC0-301F-11D3-BF4B-00C04F79EFBC}") = "AmharicEnglishTransliteration.Test", "AmharicEnglishTransliteration.Test\AmharicEnglishTransliteration.Test.csproj", "{FF0136C3-087A-4714-8541-09C499935353}"
EndProject
Global
	GlobalSection(SolutionConfigurationPlatforms) = preSolution
		Debug|Any CPU = Debug|Any CPU
		Release|Any CPU = Release|Any CPU
	EndGlobalSection
	GlobalSection(ProjectConfigurationPlatforms) = postSolution
		{61DD32A8-E6EB-45DC-85AA-6321E3A95446}.Debug|Any CPU.ActiveCfg = Debug|Any CPU
		{61DD32A8-E6EB-45DC-85AA-6321E3A95446}.Debug|Any CPU.Build.0 = Debug|Any CPU
		{61DD32A8-E6EB-45DC-85AA-6321E3A95446}.Release|Any CPU.ActiveCfg = Release|Any CPU
		{61DD32A8-E6EB-45DC-85AA-6321E3A95446}.Release|Any CPU.Build.0 = Release|Any CPU
		{FF0136C3-087A-4714-8541-09C499935353}.Debug|Any CPU.ActiveCfg = Debug|Any CPU
		{FF0136C3-087A-4714-8541-09C499935353}.Debug|Any CPU.Build.0 = Debug|Any CPU
		{FF0136C3-087A-4714-8541-09C499935353}.Release|Any CPU.ActiveCfg = Release|Any CPU
		{FF0136C3-087A-4714-8541-09C499935353}.Release|Any CPU.Build.0 = Release|Any CPU
	EndGlobalSection
	GlobalSection(SolutionProperties) = preSolution
		HideSolutionNode = FALSE
	EndGlobalSection
	GlobalSection(ExtensibilityGlobals) = postSolution
		SolutionGuid = {8854E2BF-8C65-4D44-8D84-32C176123638}
	EndGlobalSection
EndGlobal
