
Microsoft Visual Studio Solution File, Format Version 12.00
# Visual Studio 15
VisualStudioVersion = 15.0.28010.0
MinimumVisualStudioVersion = 10.0.40219.1
Project("{FAE04EC0-301F-11D3-BF4B-00C04F79EFBC}") = "50Lomi.AmharicEnglishTransliteration", "50Lomi.AmharicEnglishTransliteration\50Lomi.AmharicEnglishTransliteration.csproj", "{DA004B11-D816-45C8-9F99-8D683DD3E04F}"
EndProject
Project("{FAE04EC0-301F-11D3-BF4B-00C04F79EFBC}") = "50Lomi.AmharicEnglishTransliteration.Test", "50Lomi.AmharicEnglishTransliteration.Test\50Lomi.AmharicEnglishTransliteration.Test.csproj", "{D9B8175E-985F-4A43-8516-59EA2CD126B1}"
EndProject
Global
	GlobalSection(SolutionConfigurationPlatforms) = preSolution
		Debug|Any CPU = Debug|Any CPU
		Release|Any CPU = Release|Any CPU
	EndGlobalSection
	GlobalSection(ProjectConfigurationPlatforms) = postSolution
		{DA004B11-D816-45C8-9F99-8D683DD3E04F}.Debug|Any CPU.ActiveCfg = Debug|Any CPU
		{DA004B11-D816-45C8-9F99-8D683DD3E04F}.Debug|Any CPU.Build.0 = Debug|Any CPU
		{DA004B11-D816-45C8-9F99-8D683DD3E04F}.Release|Any CPU.ActiveCfg = Release|Any CPU
		{DA004B11-D816-45C8-9F99-8D683DD3E04F}.Release|Any CPU.Build.0 = Release|Any CPU
		{D9B8175E-985F-4A43-8516-59EA2CD126B1}.Debug|Any CPU.ActiveCfg = Debug|Any CPU
		{D9B8175E-985F-4A43-8516-59EA2CD126B1}.Debug|Any CPU.Build.0 = Debug|Any CPU
		{D9B8175E-985F-4A43-8516-59EA2CD126B1}.Release|Any CPU.ActiveCfg = Release|Any CPU
		{D9B8175E-985F-4A43-8516-59EA2CD126B1}.Release|Any CPU.Build.0 = Release|Any CPU
	EndGlobalSection
	GlobalSection(SolutionProperties) = preSolution
		HideSolutionNode = FALSE
	EndGlobalSection
	GlobalSection(ExtensibilityGlobals) = postSolution
		SolutionGuid = {8854E2BF-8C65-4D44-8D84-32C176123638}
	EndGlobalSection
EndGlobal
